
Microsoft Visual Studio Solution File, Format Version 12.00
# Visual Studio 2013
VisualStudioVersion = 12.0.30501.0
MinimumVisualStudioVersion = 10.0.40219.1
Project("{2150E333-8FDC-42A3-9474-1A3956D46DE8}") = ".nuget", ".nuget", "{7A89CE04-7F53-45C4-9E8D-19DA48C3C2F5}"
	ProjectSection(SolutionItems) = preProject
		.nuget\NuGet.Config = .nuget\NuGet.Config
		.nuget\NuGet.exe = .nuget\NuGet.exe
		.nuget\NuGet.targets = .nuget\NuGet.targets
	EndProjectSection
EndProject
Project("{FAE04EC0-301F-11D3-BF4B-00C04F79EFBC}") = "FileExplorer3.IO", "FileExplorer3.IO\FileExplorer3.IO.csproj", "{BCBCAF38-714A-40E4-87EF-F6CF63DD62AA}"
EndProject
Project("{FAE04EC0-301F-11D3-BF4B-00C04F79EFBC}") = "FileExplorer3.WPF", "FileExplorer3.WPF\FileExplorer3.WPF.csproj", "{78B3E601-2449-4600-AF48-94AC53FBEE22}"
EndProject
Project("{FAE04EC0-301F-11D3-BF4B-00C04F79EFBC}") = "FileExplorer3", "FileExplorer3\FileExplorer3.csproj", "{BD72B62F-6BCF-43D0-AD6A-332DECFAE4ED}"
EndProject
Project("{FAE04EC0-301F-11D3-BF4B-00C04F79EFBC}") = "Nuget.FileExplorer.WPF", "Nuget.FileExplorer.WPF\Nuget.FileExplorer.WPF.csproj", "{AECC6565-52DA-472D-BA52-2BA43B7E60CC}"
EndProject
Project("{FAE04EC0-301F-11D3-BF4B-00C04F79EFBC}") = "FontToBitmap", "FontToBitmap\FontToBitmap.csproj", "{A314B99E-4C36-490E-AFA4-6B2001602F30}"
EndProject
Project("{FAE04EC0-301F-11D3-BF4B-00C04F79EFBC}") = "TestApp.WPF", "TestApp.WPF\TestApp.WPF.csproj", "{AF3975B1-5F04-44FA-8A6E-2CD5A429C2B1}"
EndProject
Project("{FAE04EC0-301F-11D3-BF4B-00C04F79EFBC}") = "TestTemplate.WPF", "TestTemplate.WPF\TestTemplate.WPF.csproj", "{9C1FBD8B-3C88-4BC0-B830-93F83A8685E9}"
EndProject
Project("{FAE04EC0-301F-11D3-BF4B-00C04F79EFBC}") = "TestScript.WPF", "TestScript.WPF\TestScript.WPF.csproj", "{5B7BB78D-DB99-4C36-8D3D-DF84E5433138}"
EndProject
Project("{FAE04EC0-301F-11D3-BF4B-00C04F79EFBC}") = "FileExplorer.Scripting", "FileExplorer.Scripting\FileExplorer.Scripting.csproj", "{ECABBC13-1922-4500-908B-CD865E91E4C5}"
EndProject
Global
	GlobalSection(SolutionConfigurationPlatforms) = preSolution
		Debug|Any CPU = Debug|Any CPU
		Debug|ARM = Debug|ARM
		Debug|x64 = Debug|x64
		Debug|x86 = Debug|x86
		Release|Any CPU = Release|Any CPU
		Release|ARM = Release|ARM
		Release|x64 = Release|x64
		Release|x86 = Release|x86
	EndGlobalSection
	GlobalSection(ProjectConfigurationPlatforms) = postSolution
		{BCBCAF38-714A-40E4-87EF-F6CF63DD62AA}.Debug|Any CPU.ActiveCfg = Debug|Any CPU
		{BCBCAF38-714A-40E4-87EF-F6CF63DD62AA}.Debug|Any CPU.Build.0 = Debug|Any CPU
		{BCBCAF38-714A-40E4-87EF-F6CF63DD62AA}.Debug|ARM.ActiveCfg = Debug|Any CPU
		{BCBCAF38-714A-40E4-87EF-F6CF63DD62AA}.Debug|x64.ActiveCfg = Debug|Any CPU
		{BCBCAF38-714A-40E4-87EF-F6CF63DD62AA}.Debug|x86.ActiveCfg = Debug|Any CPU
		{BCBCAF38-714A-40E4-87EF-F6CF63DD62AA}.Release|Any CPU.ActiveCfg = Release|Any CPU
		{BCBCAF38-714A-40E4-87EF-F6CF63DD62AA}.Release|Any CPU.Build.0 = Release|Any CPU
		{BCBCAF38-714A-40E4-87EF-F6CF63DD62AA}.Release|ARM.ActiveCfg = Release|Any CPU
		{BCBCAF38-714A-40E4-87EF-F6CF63DD62AA}.Release|x64.ActiveCfg = Release|Any CPU
		{BCBCAF38-714A-40E4-87EF-F6CF63DD62AA}.Release|x86.ActiveCfg = Release|Any CPU
		{78B3E601-2449-4600-AF48-94AC53FBEE22}.Debug|Any CPU.ActiveCfg = Debug|Any CPU
		{78B3E601-2449-4600-AF48-94AC53FBEE22}.Debug|Any CPU.Build.0 = Debug|Any CPU
		{78B3E601-2449-4600-AF48-94AC53FBEE22}.Debug|ARM.ActiveCfg = Debug|Any CPU
		{78B3E601-2449-4600-AF48-94AC53FBEE22}.Debug|x64.ActiveCfg = Debug|Any CPU
		{78B3E601-2449-4600-AF48-94AC53FBEE22}.Debug|x86.ActiveCfg = Debug|Any CPU
		{78B3E601-2449-4600-AF48-94AC53FBEE22}.Release|Any CPU.ActiveCfg = Release|Any CPU
		{78B3E601-2449-4600-AF48-94AC53FBEE22}.Release|Any CPU.Build.0 = Release|Any CPU
		{78B3E601-2449-4600-AF48-94AC53FBEE22}.Release|ARM.ActiveCfg = Release|Any CPU
		{78B3E601-2449-4600-AF48-94AC53FBEE22}.Release|x64.ActiveCfg = Release|Any CPU
		{78B3E601-2449-4600-AF48-94AC53FBEE22}.Release|x86.ActiveCfg = Release|Any CPU
		{BD72B62F-6BCF-43D0-AD6A-332DECFAE4ED}.Debug|Any CPU.ActiveCfg = Debug|Any CPU
		{BD72B62F-6BCF-43D0-AD6A-332DECFAE4ED}.Debug|Any CPU.Build.0 = Debug|Any CPU
		{BD72B62F-6BCF-43D0-AD6A-332DECFAE4ED}.Debug|ARM.ActiveCfg = Debug|Any CPU
		{BD72B62F-6BCF-43D0-AD6A-332DECFAE4ED}.Debug|x64.ActiveCfg = Debug|Any CPU
		{BD72B62F-6BCF-43D0-AD6A-332DECFAE4ED}.Debug|x86.ActiveCfg = Debug|Any CPU
		{BD72B62F-6BCF-43D0-AD6A-332DECFAE4ED}.Release|Any CPU.ActiveCfg = Release|Any CPU
		{BD72B62F-6BCF-43D0-AD6A-332DECFAE4ED}.Release|Any CPU.Build.0 = Release|Any CPU
		{BD72B62F-6BCF-43D0-AD6A-332DECFAE4ED}.Release|ARM.ActiveCfg = Release|Any CPU
		{BD72B62F-6BCF-43D0-AD6A-332DECFAE4ED}.Release|x64.ActiveCfg = Release|Any CPU
		{BD72B62F-6BCF-43D0-AD6A-332DECFAE4ED}.Release|x86.ActiveCfg = Release|Any CPU
		{AECC6565-52DA-472D-BA52-2BA43B7E60CC}.Debug|Any CPU.ActiveCfg = Debug|Any CPU
		{AECC6565-52DA-472D-BA52-2BA43B7E60CC}.Debug|Any CPU.Build.0 = Debug|Any CPU
		{AECC6565-52DA-472D-BA52-2BA43B7E60CC}.Debug|ARM.ActiveCfg = Debug|Any CPU
		{AECC6565-52DA-472D-BA52-2BA43B7E60CC}.Debug|x64.ActiveCfg = Debug|Any CPU
		{AECC6565-52DA-472D-BA52-2BA43B7E60CC}.Debug|x86.ActiveCfg = Debug|Any CPU
		{AECC6565-52DA-472D-BA52-2BA43B7E60CC}.Release|Any CPU.ActiveCfg = Release|Any CPU
		{AECC6565-52DA-472D-BA52-2BA43B7E60CC}.Release|Any CPU.Build.0 = Release|Any CPU
		{AECC6565-52DA-472D-BA52-2BA43B7E60CC}.Release|ARM.ActiveCfg = Release|Any CPU
		{AECC6565-52DA-472D-BA52-2BA43B7E60CC}.Release|x64.ActiveCfg = Release|Any CPU
		{AECC6565-52DA-472D-BA52-2BA43B7E60CC}.Release|x86.ActiveCfg = Release|Any CPU
		{A314B99E-4C36-490E-AFA4-6B2001602F30}.Debug|Any CPU.ActiveCfg = Debug|Any CPU
		{A314B99E-4C36-490E-AFA4-6B2001602F30}.Debug|Any CPU.Build.0 = Debug|Any CPU
		{A314B99E-4C36-490E-AFA4-6B2001602F30}.Debug|ARM.ActiveCfg = Debug|Any CPU
		{A314B99E-4C36-490E-AFA4-6B2001602F30}.Debug|x64.ActiveCfg = Debug|Any CPU
		{A314B99E-4C36-490E-AFA4-6B2001602F30}.Debug|x86.ActiveCfg = Debug|Any CPU
		{A314B99E-4C36-490E-AFA4-6B2001602F30}.Release|Any CPU.ActiveCfg = Release|Any CPU
		{A314B99E-4C36-490E-AFA4-6B2001602F30}.Release|Any CPU.Build.0 = Release|Any CPU
		{A314B99E-4C36-490E-AFA4-6B2001602F30}.Release|ARM.ActiveCfg = Release|Any CPU
		{A314B99E-4C36-490E-AFA4-6B2001602F30}.Release|x64.ActiveCfg = Release|Any CPU
		{A314B99E-4C36-490E-AFA4-6B2001602F30}.Release|x86.ActiveCfg = Release|Any CPU
		{AF3975B1-5F04-44FA-8A6E-2CD5A429C2B1}.Debug|Any CPU.ActiveCfg = Debug|Any CPU
		{AF3975B1-5F04-44FA-8A6E-2CD5A429C2B1}.Debug|Any CPU.Build.0 = Debug|Any CPU
		{AF3975B1-5F04-44FA-8A6E-2CD5A429C2B1}.Debug|ARM.ActiveCfg = Debug|Any CPU
		{AF3975B1-5F04-44FA-8A6E-2CD5A429C2B1}.Debug|x64.ActiveCfg = Debug|Any CPU
		{AF3975B1-5F04-44FA-8A6E-2CD5A429C2B1}.Debug|x86.ActiveCfg = Debug|Any CPU
		{AF3975B1-5F04-44FA-8A6E-2CD5A429C2B1}.Release|Any CPU.ActiveCfg = Release|Any CPU
		{AF3975B1-5F04-44FA-8A6E-2CD5A429C2B1}.Release|Any CPU.Build.0 = Release|Any CPU
		{AF3975B1-5F04-44FA-8A6E-2CD5A429C2B1}.Release|ARM.ActiveCfg = Release|Any CPU
		{AF3975B1-5F04-44FA-8A6E-2CD5A429C2B1}.Release|x64.ActiveCfg = Release|Any CPU
		{AF3975B1-5F04-44FA-8A6E-2CD5A429C2B1}.Release|x86.ActiveCfg = Release|Any CPU
		{9C1FBD8B-3C88-4BC0-B830-93F83A8685E9}.Debug|Any CPU.ActiveCfg = Debug|Any CPU
		{9C1FBD8B-3C88-4BC0-B830-93F83A8685E9}.Debug|Any CPU.Build.0 = Debug|Any CPU
		{9C1FBD8B-3C88-4BC0-B830-93F83A8685E9}.Debug|ARM.ActiveCfg = Debug|Any CPU
		{9C1FBD8B-3C88-4BC0-B830-93F83A8685E9}.Debug|x64.ActiveCfg = Debug|Any CPU
		{9C1FBD8B-3C88-4BC0-B830-93F83A8685E9}.Debug|x86.ActiveCfg = Debug|Any CPU
		{9C1FBD8B-3C88-4BC0-B830-93F83A8685E9}.Release|Any CPU.ActiveCfg = Release|Any CPU
		{9C1FBD8B-3C88-4BC0-B830-93F83A8685E9}.Release|Any CPU.Build.0 = Release|Any CPU
		{9C1FBD8B-3C88-4BC0-B830-93F83A8685E9}.Release|ARM.ActiveCfg = Release|Any CPU
		{9C1FBD8B-3C88-4BC0-B830-93F83A8685E9}.Release|x64.ActiveCfg = Release|Any CPU
		{9C1FBD8B-3C88-4BC0-B830-93F83A8685E9}.Release|x86.ActiveCfg = Release|Any CPU
		{5B7BB78D-DB99-4C36-8D3D-DF84E5433138}.Debug|Any CPU.ActiveCfg = Debug|Any CPU
		{5B7BB78D-DB99-4C36-8D3D-DF84E5433138}.Debug|Any CPU.Build.0 = Debug|Any CPU
		{5B7BB78D-DB99-4C36-8D3D-DF84E5433138}.Debug|ARM.ActiveCfg = Debug|Any CPU
		{5B7BB78D-DB99-4C36-8D3D-DF84E5433138}.Debug|x64.ActiveCfg = Debug|Any CPU
		{5B7BB78D-DB99-4C36-8D3D-DF84E5433138}.Debug|x86.ActiveCfg = Debug|Any CPU
		{5B7BB78D-DB99-4C36-8D3D-DF84E5433138}.Release|Any CPU.ActiveCfg = Release|Any CPU
		{5B7BB78D-DB99-4C36-8D3D-DF84E5433138}.Release|Any CPU.Build.0 = Release|Any CPU
		{5B7BB78D-DB99-4C36-8D3D-DF84E5433138}.Release|ARM.ActiveCfg = Release|Any CPU
		{5B7BB78D-DB99-4C36-8D3D-DF84E5433138}.Release|x64.ActiveCfg = Release|Any CPU
		{5B7BB78D-DB99-4C36-8D3D-DF84E5433138}.Release|x86.ActiveCfg = Release|Any CPU
		{ECABBC13-1922-4500-908B-CD865E91E4C5}.Debug|Any CPU.ActiveCfg = Debug|Any CPU
		{ECABBC13-1922-4500-908B-CD865E91E4C5}.Debug|Any CPU.Build.0 = Debug|Any CPU
		{ECABBC13-1922-4500-908B-CD865E91E4C5}.Debug|ARM.ActiveCfg = Debug|Any CPU
		{ECABBC13-1922-4500-908B-CD865E91E4C5}.Debug|x64.ActiveCfg = Debug|Any CPU
		{ECABBC13-1922-4500-908B-CD865E91E4C5}.Debug|x86.ActiveCfg = Debug|Any CPU
		{ECABBC13-1922-4500-908B-CD865E91E4C5}.Release|Any CPU.ActiveCfg = Release|Any CPU
		{ECABBC13-1922-4500-908B-CD865E91E4C5}.Release|Any CPU.Build.0 = Release|Any CPU
		{ECABBC13-1922-4500-908B-CD865E91E4C5}.Release|ARM.ActiveCfg = Release|Any CPU
		{ECABBC13-1922-4500-908B-CD865E91E4C5}.Release|x64.ActiveCfg = Release|Any CPU
		{ECABBC13-1922-4500-908B-CD865E91E4C5}.Release|x86.ActiveCfg = Release|Any CPU
	EndGlobalSection
	GlobalSection(SolutionProperties) = preSolution
		HideSolutionNode = FALSE
	EndGlobalSection
	GlobalSection(Performance) = preSolution
		HasPerformanceSessions = true
	EndGlobalSection
EndGlobal
