
Microsoft Visual Studio Solution File, Format Version 12.00
# Visual Studio 2012
Project("{FAE04EC0-301F-11D3-BF4B-00C04F79EFBC}") = "FileExplorer3", "FileExplorer3\FileExplorer3.csproj", "{78B3E601-2449-4600-AF48-94AC53FBEE22}"
EndProject
Project("{FAE04EC0-301F-11D3-BF4B-00C04F79EFBC}") = "TestApp.WPF", "TestApp.WPF\TestApp.WPF.csproj", "{AF3975B1-5F04-44FA-8A6E-2CD5A429C2B1}"
EndProject
Project("{2150E333-8FDC-42A3-9474-1A3956D46DE8}") = ".nuget", ".nuget", "{7A89CE04-7F53-45C4-9E8D-19DA48C3C2F5}"
	ProjectSection(SolutionItems) = preProject
		.nuget\NuGet.Config = .nuget\NuGet.Config
		.nuget\NuGet.exe = .nuget\NuGet.exe
		.nuget\NuGet.targets = .nuget\NuGet.targets
	EndProjectSection
EndProject
Project("{FAE04EC0-301F-11D3-BF4B-00C04F79EFBC}") = "TestTemplate.WPF", "TestTemplate.WPF\TestTemplate.WPF.csproj", "{9C1FBD8B-3C88-4BC0-B830-93F83A8685E9}"
EndProject
Project("{FAE04EC0-301F-11D3-BF4B-00C04F79EFBC}") = "DirectoryInfoEx", "..\..\DirectoryInfoEx\app\DirectoryInfoEx\DirectoryInfoEx.csproj", "{09DF5A9A-989E-410C-BA72-5A94CF481E57}"
EndProject
Project("{FAE04EC0-301F-11D3-BF4B-00C04F79EFBC}") = "ConsoleApplication1", "..\..\..\..\Test\ConsoleApplication1\ConsoleApplication1.csproj", "{B6436C31-1CBC-4970-B082-291D698BDD37}"
EndProject
Global
	GlobalSection(SolutionConfigurationPlatforms) = preSolution
		Debug|Any CPU = Debug|Any CPU
		Debug|ARM = Debug|ARM
		Debug|x64 = Debug|x64
		Debug|x86 = Debug|x86
		Release|Any CPU = Release|Any CPU
		Release|ARM = Release|ARM
		Release|x64 = Release|x64
		Release|x86 = Release|x86
	EndGlobalSection
	GlobalSection(ProjectConfigurationPlatforms) = postSolution
		{78B3E601-2449-4600-AF48-94AC53FBEE22}.Debug|Any CPU.ActiveCfg = Debug|Any CPU
		{78B3E601-2449-4600-AF48-94AC53FBEE22}.Debug|Any CPU.Build.0 = Debug|Any CPU
		{78B3E601-2449-4600-AF48-94AC53FBEE22}.Debug|ARM.ActiveCfg = Debug|Any CPU
		{78B3E601-2449-4600-AF48-94AC53FBEE22}.Debug|x64.ActiveCfg = Debug|Any CPU
		{78B3E601-2449-4600-AF48-94AC53FBEE22}.Debug|x86.ActiveCfg = Debug|Any CPU
		{78B3E601-2449-4600-AF48-94AC53FBEE22}.Release|Any CPU.ActiveCfg = Release|Any CPU
		{78B3E601-2449-4600-AF48-94AC53FBEE22}.Release|Any CPU.Build.0 = Release|Any CPU
		{78B3E601-2449-4600-AF48-94AC53FBEE22}.Release|ARM.ActiveCfg = Release|Any CPU
		{78B3E601-2449-4600-AF48-94AC53FBEE22}.Release|x64.ActiveCfg = Release|Any CPU
		{78B3E601-2449-4600-AF48-94AC53FBEE22}.Release|x86.ActiveCfg = Release|Any CPU
		{AF3975B1-5F04-44FA-8A6E-2CD5A429C2B1}.Debug|Any CPU.ActiveCfg = Debug|Any CPU
		{AF3975B1-5F04-44FA-8A6E-2CD5A429C2B1}.Debug|Any CPU.Build.0 = Debug|Any CPU
		{AF3975B1-5F04-44FA-8A6E-2CD5A429C2B1}.Debug|ARM.ActiveCfg = Debug|Any CPU
		{AF3975B1-5F04-44FA-8A6E-2CD5A429C2B1}.Debug|x64.ActiveCfg = Debug|Any CPU
		{AF3975B1-5F04-44FA-8A6E-2CD5A429C2B1}.Debug|x86.ActiveCfg = Debug|Any CPU
		{AF3975B1-5F04-44FA-8A6E-2CD5A429C2B1}.Release|Any CPU.ActiveCfg = Release|Any CPU
		{AF3975B1-5F04-44FA-8A6E-2CD5A429C2B1}.Release|Any CPU.Build.0 = Release|Any CPU
		{AF3975B1-5F04-44FA-8A6E-2CD5A429C2B1}.Release|ARM.ActiveCfg = Release|Any CPU
		{AF3975B1-5F04-44FA-8A6E-2CD5A429C2B1}.Release|x64.ActiveCfg = Release|Any CPU
		{AF3975B1-5F04-44FA-8A6E-2CD5A429C2B1}.Release|x86.ActiveCfg = Release|Any CPU
		{9C1FBD8B-3C88-4BC0-B830-93F83A8685E9}.Debug|Any CPU.ActiveCfg = Debug|Any CPU
		{9C1FBD8B-3C88-4BC0-B830-93F83A8685E9}.Debug|Any CPU.Build.0 = Debug|Any CPU
		{9C1FBD8B-3C88-4BC0-B830-93F83A8685E9}.Debug|ARM.ActiveCfg = Debug|Any CPU
		{9C1FBD8B-3C88-4BC0-B830-93F83A8685E9}.Debug|x64.ActiveCfg = Debug|Any CPU
		{9C1FBD8B-3C88-4BC0-B830-93F83A8685E9}.Debug|x86.ActiveCfg = Debug|Any CPU
		{9C1FBD8B-3C88-4BC0-B830-93F83A8685E9}.Release|Any CPU.ActiveCfg = Release|Any CPU
		{9C1FBD8B-3C88-4BC0-B830-93F83A8685E9}.Release|Any CPU.Build.0 = Release|Any CPU
		{9C1FBD8B-3C88-4BC0-B830-93F83A8685E9}.Release|ARM.ActiveCfg = Release|Any CPU
		{9C1FBD8B-3C88-4BC0-B830-93F83A8685E9}.Release|x64.ActiveCfg = Release|Any CPU
		{9C1FBD8B-3C88-4BC0-B830-93F83A8685E9}.Release|x86.ActiveCfg = Release|Any CPU
		{09DF5A9A-989E-410C-BA72-5A94CF481E57}.Debug|Any CPU.ActiveCfg = Debug|Any CPU
		{09DF5A9A-989E-410C-BA72-5A94CF481E57}.Debug|Any CPU.Build.0 = Debug|Any CPU
		{09DF5A9A-989E-410C-BA72-5A94CF481E57}.Debug|ARM.ActiveCfg = Debug|Any CPU
		{09DF5A9A-989E-410C-BA72-5A94CF481E57}.Debug|x64.ActiveCfg = Debug|Any CPU
		{09DF5A9A-989E-410C-BA72-5A94CF481E57}.Debug|x86.ActiveCfg = Debug|Any CPU
		{09DF5A9A-989E-410C-BA72-5A94CF481E57}.Release|Any CPU.ActiveCfg = Release|Any CPU
		{09DF5A9A-989E-410C-BA72-5A94CF481E57}.Release|Any CPU.Build.0 = Release|Any CPU
		{09DF5A9A-989E-410C-BA72-5A94CF481E57}.Release|ARM.ActiveCfg = Release|Any CPU
		{09DF5A9A-989E-410C-BA72-5A94CF481E57}.Release|x64.ActiveCfg = Release|Any CPU
		{09DF5A9A-989E-410C-BA72-5A94CF481E57}.Release|x86.ActiveCfg = Release|Any CPU
		{B6436C31-1CBC-4970-B082-291D698BDD37}.Debug|Any CPU.ActiveCfg = Debug|Any CPU
		{B6436C31-1CBC-4970-B082-291D698BDD37}.Debug|Any CPU.Build.0 = Debug|Any CPU
		{B6436C31-1CBC-4970-B082-291D698BDD37}.Debug|ARM.ActiveCfg = Debug|Any CPU
		{B6436C31-1CBC-4970-B082-291D698BDD37}.Debug|x64.ActiveCfg = Debug|Any CPU
		{B6436C31-1CBC-4970-B082-291D698BDD37}.Debug|x86.ActiveCfg = Debug|Any CPU
		{B6436C31-1CBC-4970-B082-291D698BDD37}.Release|Any CPU.ActiveCfg = Release|Any CPU
		{B6436C31-1CBC-4970-B082-291D698BDD37}.Release|Any CPU.Build.0 = Release|Any CPU
		{B6436C31-1CBC-4970-B082-291D698BDD37}.Release|ARM.ActiveCfg = Release|Any CPU
		{B6436C31-1CBC-4970-B082-291D698BDD37}.Release|x64.ActiveCfg = Release|Any CPU
		{B6436C31-1CBC-4970-B082-291D698BDD37}.Release|x86.ActiveCfg = Release|Any CPU
	EndGlobalSection
	GlobalSection(SolutionProperties) = preSolution
		HideSolutionNode = FALSE
	EndGlobalSection
	GlobalSection(Performance) = preSolution
		HasPerformanceSessions = true
	EndGlobalSection
EndGlobal
